
Microsoft Visual Studio Solution File, Format Version 12.00
# Visual Studio Version 16
VisualStudioVersion = 16.0.30320.27
MinimumVisualStudioVersion = 10.0.40219.1
Project("{FAE04EC0-301F-11D3-BF4B-00C04F79EFBC}") = "chess-console", "chess-console\chess-console.csproj", "{98DFD0D7-F588-45D9-8935-FB77E59E3A92}"
EndProject
Global
	GlobalSection(SolutionConfigurationPlatforms) = preSolution
		Debug|Any CPU = Debug|Any CPU
		Release|Any CPU = Release|Any CPU
	EndGlobalSection
	GlobalSection(ProjectConfigurationPlatforms) = postSolution
		{98DFD0D7-F588-45D9-8935-FB77E59E3A92}.Debug|Any CPU.ActiveCfg = Debug|Any CPU
		{98DFD0D7-F588-45D9-8935-FB77E59E3A92}.Debug|Any CPU.Build.0 = Debug|Any CPU
		{98DFD0D7-F588-45D9-8935-FB77E59E3A92}.Release|Any CPU.ActiveCfg = Release|Any CPU
		{98DFD0D7-F588-45D9-8935-FB77E59E3A92}.Release|Any CPU.Build.0 = Release|Any CPU
	EndGlobalSection
	GlobalSection(SolutionProperties) = preSolution
		HideSolutionNode = FALSE
	EndGlobalSection
	GlobalSection(ExtensibilityGlobals) = postSolution
		SolutionGuid = {F7EF81AB-1FBA-4706-8357-8F7457C720CB}
	EndGlobalSection
EndGlobal
